// !$*UTF8*$!
{
	archiveVersion = 1;
	classes = {
	};
	objectVersion = 50;
	objects = {

/* Begin PBXBuildFile section */
		D86AC2242136A52400C4963E /* AppDelegate.m in Sources */ = {isa = PBXBuildFile; fileRef = D86AC2232136A52400C4963E /* AppDelegate.m */; };
		D86AC2272136A52400C4963E /* ViewController.m in Sources */ = {isa = PBXBuildFile; fileRef = D86AC2262136A52400C4963E /* ViewController.m */; };
		D86AC22A2136A52400C4963E /* Main.storyboard in Resources */ = {isa = PBXBuildFile; fileRef = D86AC2282136A52400C4963E /* Main.storyboard */; };
		D86AC22C2136A52700C4963E /* Assets.xcassets in Resources */ = {isa = PBXBuildFile; fileRef = D86AC22B2136A52700C4963E /* Assets.xcassets */; };
		D86AC22F2136A52700C4963E /* LaunchScreen.storyboard in Resources */ = {isa = PBXBuildFile; fileRef = D86AC22D2136A52700C4963E /* LaunchScreen.storyboard */; };
		D86AC2322136A52700C4963E /* main.m in Sources */ = {isa = PBXBuildFile; fileRef = D86AC2312136A52700C4963E /* main.m */; };
		D86AC23D2137859800C4963E /* NSString+Time.m in Sources */ = {isa = PBXBuildFile; fileRef = D86AC23A2137859800C4963E /* NSString+Time.m */; };
		D86AC23E2137859800C4963E /* XMTimer.m in Sources */ = {isa = PBXBuildFile; fileRef = D86AC23C2137859800C4963E /* XMTimer.m */; };
/* End PBXBuildFile section */

/* Begin PBXFileReference section */
		D86AC21F2136A52400C4963E /* CountDownEXP.app */ = {isa = PBXFileReference; explicitFileType = wrapper.application; includeInIndex = 0; path = CountDownEXP.app; sourceTree = BUILT_PRODUCTS_DIR; };
		D86AC2222136A52400C4963E /* AppDelegate.h */ = {isa = PBXFileReference; lastKnownFileType = sourcecode.c.h; path = AppDelegate.h; sourceTree = "<group>"; };
		D86AC2232136A52400C4963E /* AppDelegate.m */ = {isa = PBXFileReference; lastKnownFileType = sourcecode.c.objc; path = AppDelegate.m; sourceTree = "<group>"; };
		D86AC2252136A52400C4963E /* ViewController.h */ = {isa = PBXFileReference; lastKnownFileType = sourcecode.c.h; path = ViewController.h; sourceTree = "<group>"; };
		D86AC2262136A52400C4963E /* ViewController.m */ = {isa = PBXFileReference; lastKnownFileType = sourcecode.c.objc; path = ViewController.m; sourceTree = "<group>"; };
		D86AC2292136A52400C4963E /* Base */ = {isa = PBXFileReference; lastKnownFileType = file.storyboard; name = Base; path = Base.lproj/Main.storyboard; sourceTree = "<group>"; };
		D86AC22B2136A52700C4963E /* Assets.xcassets */ = {isa = PBXFileReference; lastKnownFileType = folder.assetcatalog; path = Assets.xcassets; sourceTree = "<group>"; };
		D86AC22E2136A52700C4963E /* Base */ = {isa = PBXFileReference; lastKnownFileType = file.storyboard; name = Base; path = Base.lproj/LaunchScreen.storyboard; sourceTree = "<group>"; };
		D86AC2302136A52700C4963E /* Info.plist */ = {isa = PBXFileReference; lastKnownFileType = text.plist.xml; path = Info.plist; sourceTree = "<group>"; };
		D86AC2312136A52700C4963E /* main.m */ = {isa = PBXFileReference; lastKnownFileType = sourcecode.c.objc; path = main.m; sourceTree = "<group>"; };
		D86AC2392137859800C4963E /* NSString+Time.h */ = {isa = PBXFileReference; fileEncoding = 4; lastKnownFileType = sourcecode.c.h; path = "NSString+Time.h"; sourceTree = "<group>"; };
		D86AC23A2137859800C4963E /* NSString+Time.m */ = {isa = PBXFileReference; fileEncoding = 4; lastKnownFileType = sourcecode.c.objc; path = "NSString+Time.m"; sourceTree = "<group>"; };
		D86AC23B2137859800C4963E /* XMTimer.h */ = {isa = PBXFileReference; fileEncoding = 4; lastKnownFileType = sourcecode.c.h; path = XMTimer.h; sourceTree = "<group>"; };
		D86AC23C2137859800C4963E /* XMTimer.m */ = {isa = PBXFileReference; fileEncoding = 4; lastKnownFileType = sourcecode.c.objc; path = XMTimer.m; sourceTree = "<group>"; };
/* End PBXFileReference section */

/* Begin PBXFrameworksBuildPhase section */
		D86AC21C2136A52400C4963E /* Frameworks */ = {
			isa = PBXFrameworksBuildPhase;
			buildActionMask = 2147483647;
			files = (
			);
			runOnlyForDeploymentPostprocessing = 0;
		};
/* End PBXFrameworksBuildPhase section */

/* Begin PBXGroup section */
		D86AC2162136A52400C4963E = {
			isa = PBXGroup;
			children = (
				D86AC2212136A52400C4963E /* CountDownEXP */,
				D86AC2202136A52400C4963E /* Products */,
			);
			sourceTree = "<group>";
		};
		D86AC2202136A52400C4963E /* Products */ = {
			isa = PBXGroup;
			children = (
				D86AC21F2136A52400C4963E /* CountDownEXP.app */,
			);
			name = Products;
			sourceTree = "<group>";
		};
		D86AC2212136A52400C4963E /* CountDownEXP */ = {
			isa = PBXGroup;
			children = (
				D86AC2382137859800C4963E /* vetor */,
				D86AC2222136A52400C4963E /* AppDelegate.h */,
				D86AC2232136A52400C4963E /* AppDelegate.m */,
				D86AC2252136A52400C4963E /* ViewController.h */,
				D86AC2262136A52400C4963E /* ViewController.m */,
				D86AC2282136A52400C4963E /* Main.storyboard */,
				D86AC22B2136A52700C4963E /* Assets.xcassets */,
				D86AC22D2136A52700C4963E /* LaunchScreen.storyboard */,
				D86AC2302136A52700C4963E /* Info.plist */,
				D86AC2312136A52700C4963E /* main.m */,
			);
			path = CountDownEXP;
			sourceTree = "<group>";
		};
		D86AC2382137859800C4963E /* vetor */ = {
			isa = PBXGroup;
			children = (
				D86AC2392137859800C4963E /* NSString+Time.h */,
				D86AC23A2137859800C4963E /* NSString+Time.m */,
				D86AC23B2137859800C4963E /* XMTimer.h */,
				D86AC23C2137859800C4963E /* XMTimer.m */,
			);
			path = vetor;
			sourceTree = "<group>";
		};
/* End PBXGroup section */

/* Begin PBXNativeTarget section */
		D86AC21E2136A52400C4963E /* CountDownEXP */ = {
			isa = PBXNativeTarget;
			buildConfigurationList = D86AC2352136A52700C4963E /* Build configuration list for PBXNativeTarget "CountDownEXP" */;
			buildPhases = (
				D86AC21B2136A52400C4963E /* Sources */,
				D86AC21C2136A52400C4963E /* Frameworks */,
				D86AC21D2136A52400C4963E /* Resources */,
			);
			buildRules = (
			);
			dependencies = (
			);
			name = CountDownEXP;
			productName = CountDownEXP;
			productReference = D86AC21F2136A52400C4963E /* CountDownEXP.app */;
			productType = "com.apple.product-type.application";
		};
/* End PBXNativeTarget section */

/* Begin PBXProject section */
		D86AC2172136A52400C4963E /* Project object */ = {
			isa = PBXProject;
			attributes = {
				LastUpgradeCheck = 0940;
				ORGANIZATIONNAME = "wenbin lu";
				TargetAttributes = {
					D86AC21E2136A52400C4963E = {
						CreatedOnToolsVersion = 9.4.1;
					};
				};
			};
			buildConfigurationList = D86AC21A2136A52400C4963E /* Build configuration list for PBXProject "CountDownEXP" */;
			compatibilityVersion = "Xcode 9.3";
			developmentRegion = en;
			hasScannedForEncodings = 0;
			knownRegions = (
				en,
				Base,
			);
			mainGroup = D86AC2162136A52400C4963E;
			productRefGroup = D86AC2202136A52400C4963E /* Products */;
			projectDirPath = "";
			projectRoot = "";
			targets = (
				D86AC21E2136A52400C4963E /* CountDownEXP */,
			);
		};
/* End PBXProject section */

/* Begin PBXResourcesBuildPhase section */
		D86AC21D2136A52400C4963E /* Resources */ = {
			isa = PBXResourcesBuildPhase;
			buildActionMask = 2147483647;
			files = (
				D86AC22F2136A52700C4963E /* LaunchScreen.storyboard in Resources */,
				D86AC22C2136A52700C4963E /* Assets.xcassets in Resources */,
				D86AC22A2136A52400C4963E /* Main.storyboard in Resources */,
			);
			runOnlyForDeploymentPostprocessing = 0;
		};
/* End PBXResourcesBuildPhase section */

/* Begin PBXSourcesBuildPhase section */
		D86AC21B2136A52400C4963E /* Sources */ = {
			isa = PBXSourcesBuildPhase;
			buildActionMask = 2147483647;
			files = (
				D86AC23D2137859800C4963E /* NSString+Time.m in Sources */,
				D86AC23E2137859800C4963E /* XMTimer.m in Sources */,
				D86AC2272136A52400C4963E /* ViewController.m in Sources */,
				D86AC2322136A52700C4963E /* main.m in Sources */,
				D86AC2242136A52400C4963E /* AppDelegate.m in Sources */,
			);
			runOnlyForDeploymentPostprocessing = 0;
		};
/* End PBXSourcesBuildPhase section */

/* Begin PBXVariantGroup section */
		D86AC2282136A52400C4963E /* Main.storyboard */ = {
			isa = PBXVariantGroup;
			children = (
				D86AC2292136A52400C4963E /* Base */,
			);
			name = Main.storyboard;
			sourceTree = "<group>";
		};
		D86AC22D2136A52700C4963E /* LaunchScreen.storyboard */ = {
			isa = PBXVariantGroup;
			children = (
				D86AC22E2136A52700C4963E /* Base */,
			);
			name = LaunchScreen.storyboard;
			sourceTree = "<group>";
		};
/* End PBXVariantGroup section */

/* Begin XCBuildConfiguration section */
		D86AC2332136A52700C4963E /* Debug */ = {
			isa = XCBuildConfiguration;
			buildSettings = {
				ALWAYS_SEARCH_USER_PATHS = NO;
				CLANG_ANALYZER_NONNULL = YES;
				CLANG_ANALYZER_NUMBER_OBJECT_CONVERSION = YES_AGGRESSIVE;
				CLANG_CXX_LANGUAGE_STANDARD = "gnu++14";
				CLANG_CXX_LIBRARY = "libc++";
				CLANG_ENABLE_MODULES = YES;
				CLANG_ENABLE_OBJC_ARC = YES;
				CLANG_ENABLE_OBJC_WEAK = YES;
				CLANG_WARN_BLOCK_CAPTURE_AUTORELEASING = YES;
				CLANG_WARN_BOOL_CONVERSION = YES;
				CLANG_WARN_COMMA = YES;
				CLANG_WARN_CONSTANT_CONVERSION = YES;
				CLANG_WARN_DEPRECATED_OBJC_IMPLEMENTATIONS = YES;
				CLANG_WARN_DIRECT_OBJC_ISA_USAGE = YES_ERROR;
				CLANG_WARN_DOCUMENTATION_COMMENTS = YES;
				CLANG_WARN_EMPTY_BODY = YES;
				CLANG_WARN_ENUM_CONVERSION = YES;
				CLANG_WARN_INFINITE_RECURSION = YES;
				CLANG_WARN_INT_CONVERSION = YES;
				CLANG_WARN_NON_LITERAL_NULL_CONVERSION = YES;
				CLANG_WARN_OBJC_IMPLICIT_RETAIN_SELF = YES;
				CLANG_WARN_OBJC_LITERAL_CONVERSION = YES;
				CLANG_WARN_OBJC_ROOT_CLASS = YES_ERROR;
				CLANG_WARN_RANGE_LOOP_ANALYSIS = YES;
				CLANG_WARN_STRICT_PROTOTYPES = YES;
				CLANG_WARN_SUSPICIOUS_MOVE = YES;
				CLANG_WARN_UNGUARDED_AVAILABILITY = YES_AGGRESSIVE;
				CLANG_WARN_UNREACHABLE_CODE = YES;
				CLANG_WARN__DUPLICATE_METHOD_MATCH = YES;
				CODE_SIGN_IDENTITY = "iPhone Developer";
				COPY_PHASE_STRIP = NO;
				DEBUG_INFORMATION_FORMAT = dwarf;
				ENABLE_STRICT_OBJC_MSGSEND = YES;
				ENABLE_TESTABILITY = YES;
				GCC_C_LANGUAGE_STANDARD = gnu11;
				GCC_DYNAMIC_NO_PIC = NO;
				GCC_NO_COMMON_BLOCKS = YES;
				GCC_OPTIMIZATION_LEVEL = 0;
				GCC_PREPROCESSOR_DEFINITIONS = (
					"DEBUG=1",
					"$(inherited)",
				);
				GCC_WARN_64_TO_32_BIT_CONVERSION = YES;
				GCC_WARN_ABOUT_RETURN_TYPE = YES_ERROR;
				GCC_WARN_UNDECLARED_SELECTOR = YES;
				GCC_WARN_UNINITIALIZED_AUTOS = YES_AGGRESSIVE;
				GCC_WARN_UNUSED_FUNCTION = YES;
				GCC_WARN_UNUSED_VARIABLE = YES;
				IPHONEOS_DEPLOYMENT_TARGET = 11.4;
				MTL_ENABLE_DEBUG_INFO = YES;
				ONLY_ACTIVE_ARCH = YES;
				SDKROOT = iphoneos;
			};
			name = Debug;
		};
		D86AC2342136A52700C4963E /* Release */ = {
			isa = XCBuildConfiguration;
			buildSettings = {
				ALWAYS_SEARCH_USER_PATHS = NO;
				CLANG_ANALYZER_NONNULL = YES;
				CLANG_ANALYZER_NUMBER_OBJECT_CONVERSION = YES_AGGRESSIVE;
				CLANG_CXX_LANGUAGE_STANDARD = "gnu++14";
				CLANG_CXX_LIBRARY = "libc++";
				CLANG_ENABLE_MODULES = YES;
				CLANG_ENABLE_OBJC_ARC = YES;
				CLANG_ENABLE_OBJC_WEAK = YES;
				CLANG_WARN_BLOCK_CAPTURE_AUTORELEASING = YES;
				CLANG_WARN_BOOL_CONVERSION = YES;
				CLANG_WARN_COMMA = YES;
				CLANG_WARN_CONSTANT_CONVERSION = YES;
				CLANG_WARN_DEPRECATED_OBJC_IMPLEMENTATIONS = YES;
				CLANG_WARN_DIRECT_OBJC_ISA_USAGE = YES_ERROR;
				CLANG_WARN_DOCUMENTATION_COMMENTS = YES;
				CLANG_WARN_EMPTY_BODY = YES;
				CLANG_WARN_ENUM_CONVERSION = YES;
				CLANG_WARN_INFINITE_RECURSION = YES;
				CLANG_WARN_INT_CONVERSION = YES;
				CLANG_WARN_NON_LITERAL_NULL_CONVERSION = YES;
				CLANG_WARN_OBJC_IMPLICIT_RETAIN_SELF = YES;
				CLANG_WARN_OBJC_LITERAL_CONVERSION = YES;
				CLANG_WARN_OBJC_ROOT_CLASS = YES_ERROR;
				CLANG_WARN_RANGE_LOOP_ANALYSIS = YES;
				CLANG_WARN_STRICT_PROTOTYPES = YES;
				CLANG_WARN_SUSPICIOUS_MOVE = YES;
				CLANG_WARN_UNGUARDED_AVAILABILITY = YES_AGGRESSIVE;
				CLANG_WARN_UNREACHABLE_CODE = YES;
				CLANG_WARN__DUPLICATE_METHOD_MATCH = YES;
				CODE_SIGN_IDENTITY = "iPhone Developer";
				COPY_PHASE_STRIP = NO;
				DEBUG_INFORMATION_FORMAT = "dwarf-with-dsym";
				ENABLE_NS_ASSERTIONS = NO;
				ENABLE_STRICT_OBJC_MSGSEND = YES;
				GCC_C_LANGUAGE_STANDARD = gnu11;
				GCC_NO_COMMON_BLOCKS = YES;
				GCC_WARN_64_TO_32_BIT_CONVERSION = YES;
				GCC_WARN_ABOUT_RETURN_TYPE = YES_ERROR;
				GCC_WARN_UNDECLARED_SELECTOR = YES;
				GCC_WARN_UNINITIALIZED_AUTOS = YES_AGGRESSIVE;
				GCC_WARN_UNUSED_FUNCTION = YES;
				GCC_WARN_UNUSED_VARIABLE = YES;
				IPHONEOS_DEPLOYMENT_TARGET = 11.4;
				MTL_ENABLE_DEBUG_INFO = NO;
				SDKROOT = iphoneos;
				VALIDATE_PRODUCT = YES;
			};
			name = Release;
		};
		D86AC2362136A52700C4963E /* Debug */ = {
			isa = XCBuildConfiguration;
			buildSettings = {
				ASSETCATALOG_COMPILER_APPICON_NAME = AppIcon;
				CODE_SIGN_STYLE = Automatic;
				DEVELOPMENT_TEAM = M7L3NR775Z;
				INFOPLIST_FILE = CountDownEXP/Info.plist;
				IPHONEOS_DEPLOYMENT_TARGET = 8.0;
				LD_RUNPATH_SEARCH_PATHS = (
					"$(inherited)",
					"@executable_path/Frameworks",
				);
				PRODUCT_BUNDLE_IDENTIFIER = com.shuyun.CountDownEXP;
				PRODUCT_NAME = "$(TARGET_NAME)";
				TARGETED_DEVICE_FAMILY = 1;
			};
			name = Debug;
		};
		D86AC2372136A52700C4963E /* Release */ = {
			isa = XCBuildConfiguration;
			buildSettings = {
				ASSETCATALOG_COMPILER_APPICON_NAME = AppIcon;
				CODE_SIGN_STYLE = Automatic;
				DEVELOPMENT_TEAM = M7L3NR775Z;
				INFOPLIST_FILE = CountDownEXP/Info.plist;
				IPHONEOS_DEPLOYMENT_TARGET = 8.0;
				LD_RUNPATH_SEARCH_PATHS = (
					"$(inherited)",
					"@executable_path/Frameworks",
				);
				PRODUCT_BUNDLE_IDENTIFIER = com.shuyun.CountDownEXP;
				PRODUCT_NAME = "$(TARGET_NAME)";
				TARGETED_DEVICE_FAMILY = 1;
			};
			name = Release;
		};
/* End XCBuildConfiguration section */

/* Begin XCConfigurationList section */
		D86AC21A2136A52400C4963E /* Build configuration list for PBXProject "CountDownEXP" */ = {
			isa = XCConfigurationList;
			buildConfigurations = (
				D86AC2332136A52700C4963E /* Debug */,
				D86AC2342136A52700C4963E /* Release */,
			);
			defaultConfigurationIsVisible = 0;
			defaultConfigurationName = Release;
		};
		D86AC2352136A52700C4963E /* Build configuration list for PBXNativeTarget "CountDownEXP" */ = {
			isa = XCConfigurationList;
			buildConfigurations = (
				D86AC2362136A52700C4963E /* Debug */,
				D86AC2372136A52700C4963E /* Release */,
			);
			defaultConfigurationIsVisible = 0;
			defaultConfigurationName = Release;
		};
/* End XCConfigurationList section */
	};
	rootObject = D86AC2172136A52400C4963E /* Project object */;
}
